
Microsoft Visual Studio Solution File, Format Version 12.00
# Visual Studio Version 16
VisualStudioVersion = 16.0.32002.261
MinimumVisualStudioVersion = 10.0.40219.1
Project("{FAE04EC0-301F-11D3-BF4B-00C04F79EFBC}") = "Game-Life", "Game-Life\Game-Life.csproj", "{C8563D92-F278-4099-8E25-9FC8EBBFF361}"
EndProject
Global
	GlobalSection(SolutionConfigurationPlatforms) = preSolution
		Debug|Any CPU = Debug|Any CPU
		Release|Any CPU = Release|Any CPU
	EndGlobalSection
	GlobalSection(ProjectConfigurationPlatforms) = postSolution
		{C8563D92-F278-4099-8E25-9FC8EBBFF361}.Debug|Any CPU.ActiveCfg = Debug|Any CPU
		{C8563D92-F278-4099-8E25-9FC8EBBFF361}.Debug|Any CPU.Build.0 = Debug|Any CPU
		{C8563D92-F278-4099-8E25-9FC8EBBFF361}.Release|Any CPU.ActiveCfg = Release|Any CPU
		{C8563D92-F278-4099-8E25-9FC8EBBFF361}.Release|Any CPU.Build.0 = Release|Any CPU
	EndGlobalSection
	GlobalSection(SolutionProperties) = preSolution
		HideSolutionNode = FALSE
	EndGlobalSection
	GlobalSection(ExtensibilityGlobals) = postSolution
		SolutionGuid = {308E5016-57DF-4DC9-8EB6-B5097E6C79E1}
	EndGlobalSection
EndGlobal
